
Microsoft Visual Studio Solution File, Format Version 12.00
# Visual Studio 15
VisualStudioVersion = 15.0.27703.2047
MinimumVisualStudioVersion = 10.0.40219.1
Project("{888888A0-9F3D-457C-B088-3A5042F75D52}") = "python_nsq", "python_nsq\python_nsq.pyproj", "{00914693-5FDA-4A04-BD40-25503B7242B0}"
EndProject
Global
	GlobalSection(SolutionConfigurationPlatforms) = preSolution
		Debug|Any CPU = Debug|Any CPU
		Release|Any CPU = Release|Any CPU
	EndGlobalSection
	GlobalSection(ProjectConfigurationPlatforms) = postSolution
		{00914693-5FDA-4A04-BD40-25503B7242B0}.Debug|Any CPU.ActiveCfg = Debug|Any CPU
		{00914693-5FDA-4A04-BD40-25503B7242B0}.Release|Any CPU.ActiveCfg = Release|Any CPU
	EndGlobalSection
	GlobalSection(SolutionProperties) = preSolution
		HideSolutionNode = FALSE
	EndGlobalSection
	GlobalSection(ExtensibilityGlobals) = postSolution
		SolutionGuid = {B37D62B4-9984-4BC3-A2BB-F60D4ACEF706}
	EndGlobalSection
EndGlobal
